
Microsoft Visual Studio Solution File, Format Version 12.00
# Visual Studio Version 17
VisualStudioVersion = 17.8.34330.188
MinimumVisualStudioVersion = 10.0.40219.1
Project("{9A19103F-16F7-4668-BE54-9A1E7A4F7556}") = "SenderAPI", "SenderAPI\SenderAPI.csproj", "{36AA7BC1-1B05-4286-A257-489536941F42}"
EndProject
Project("{FAE04EC0-301F-11D3-BF4B-00C04F79EFBC}") = "BackgroundReceiver", "BackgroundReceiver\BackgroundReceiver.csproj", "{2186E6F8-02C9-462B-9DD2-51B029EF4476}"
EndProject
Global
	GlobalSection(SolutionConfigurationPlatforms) = preSolution
		Debug|Any CPU = Debug|Any CPU
		Release|Any CPU = Release|Any CPU
	EndGlobalSection
	GlobalSection(ProjectConfigurationPlatforms) = postSolution
		{36AA7BC1-1B05-4286-A257-489536941F42}.Debug|Any CPU.ActiveCfg = Debug|Any CPU
		{36AA7BC1-1B05-4286-A257-489536941F42}.Debug|Any CPU.Build.0 = Debug|Any CPU
		{36AA7BC1-1B05-4286-A257-489536941F42}.Release|Any CPU.ActiveCfg = Release|Any CPU
		{36AA7BC1-1B05-4286-A257-489536941F42}.Release|Any CPU.Build.0 = Release|Any CPU
		{2186E6F8-02C9-462B-9DD2-51B029EF4476}.Debug|Any CPU.ActiveCfg = Debug|Any CPU
		{2186E6F8-02C9-462B-9DD2-51B029EF4476}.Debug|Any CPU.Build.0 = Debug|Any CPU
		{2186E6F8-02C9-462B-9DD2-51B029EF4476}.Release|Any CPU.ActiveCfg = Release|Any CPU
		{2186E6F8-02C9-462B-9DD2-51B029EF4476}.Release|Any CPU.Build.0 = Release|Any CPU
	EndGlobalSection
	GlobalSection(SolutionProperties) = preSolution
		HideSolutionNode = FALSE
	EndGlobalSection
	GlobalSection(ExtensibilityGlobals) = postSolution
		SolutionGuid = {AF0F74AE-C302-48E0-B59E-6C593B84D0F2}
	EndGlobalSection
EndGlobal
